
Microsoft Visual Studio Solution File, Format Version 12.00
# Visual Studio 15
VisualStudioVersion = 15.0.27703.2035
MinimumVisualStudioVersion = 10.0.40219.1
Project("{FAE04EC0-301F-11D3-BF4B-00C04F79EFBC}") = "Summit", "Summit\Summit.csproj", "{EF6B1F5E-9D69-44BD-8B73-72D83AE9162A}"
EndProject
Project("{FAE04EC0-301F-11D3-BF4B-00C04F79EFBC}") = "Summit.Tests", "Summit.Tests\Summit.Tests.csproj", "{94B4EAD1-DFC4-4D3B-A0FD-5C8F125B8FAF}"
EndProject
Global
	GlobalSection(SolutionConfigurationPlatforms) = preSolution
		Debug|Any CPU = Debug|Any CPU
		Release|Any CPU = Release|Any CPU
	EndGlobalSection
	GlobalSection(ProjectConfigurationPlatforms) = postSolution
		{EF6B1F5E-9D69-44BD-8B73-72D83AE9162A}.Debug|Any CPU.ActiveCfg = Debug|Any CPU
		{EF6B1F5E-9D69-44BD-8B73-72D83AE9162A}.Debug|Any CPU.Build.0 = Debug|Any CPU
		{EF6B1F5E-9D69-44BD-8B73-72D83AE9162A}.Release|Any CPU.ActiveCfg = Release|Any CPU
		{EF6B1F5E-9D69-44BD-8B73-72D83AE9162A}.Release|Any CPU.Build.0 = Release|Any CPU
		{94B4EAD1-DFC4-4D3B-A0FD-5C8F125B8FAF}.Debug|Any CPU.ActiveCfg = Debug|Any CPU
		{94B4EAD1-DFC4-4D3B-A0FD-5C8F125B8FAF}.Debug|Any CPU.Build.0 = Debug|Any CPU
		{94B4EAD1-DFC4-4D3B-A0FD-5C8F125B8FAF}.Release|Any CPU.ActiveCfg = Release|Any CPU
		{94B4EAD1-DFC4-4D3B-A0FD-5C8F125B8FAF}.Release|Any CPU.Build.0 = Release|Any CPU
	EndGlobalSection
	GlobalSection(SolutionProperties) = preSolution
		HideSolutionNode = FALSE
	EndGlobalSection
	GlobalSection(ExtensibilityGlobals) = postSolution
		SolutionGuid = {E4022751-DCE9-43B9-BB42-3C2E5A3AF6F2}
	EndGlobalSection
EndGlobal
